
Microsoft Visual Studio Solution File, Format Version 12.00
# Visual Studio Version 17
VisualStudioVersion = 17.12.35514.174 d17.12
MinimumVisualStudioVersion = 10.0.40219.1
Project("{FAE04EC0-301F-11D3-BF4B-00C04F79EFBC}") = "HotelReservationSystem.api", "HotelReservationSystem.api\HotelReservationSystem.api.csproj", "{650A5CEA-0DCC-402A-ABBA-C8DB7078D307}"
EndProject
Global
	GlobalSection(SolutionConfigurationPlatforms) = preSolution
		Debug|Any CPU = Debug|Any CPU
		Release|Any CPU = Release|Any CPU
	EndGlobalSection
	GlobalSection(ProjectConfigurationPlatforms) = postSolution
		{650A5CEA-0DCC-402A-ABBA-C8DB7078D307}.Debug|Any CPU.ActiveCfg = Debug|Any CPU
		{650A5CEA-0DCC-402A-ABBA-C8DB7078D307}.Debug|Any CPU.Build.0 = Debug|Any CPU
		{650A5CEA-0DCC-402A-ABBA-C8DB7078D307}.Release|Any CPU.ActiveCfg = Release|Any CPU
		{650A5CEA-0DCC-402A-ABBA-C8DB7078D307}.Release|Any CPU.Build.0 = Release|Any CPU
	EndGlobalSection
	GlobalSection(SolutionProperties) = preSolution
		HideSolutionNode = FALSE
	EndGlobalSection
EndGlobal
